// !$*UTF8*$!
{
	archiveVersion = 1;
	classes = {
	};
	objectVersion = 56;
	objects = {

/* Begin PBXBuildFile section */
		5A479C9D2A30FFA600969809 /* SubcriberBootCamp.swift in Sources */ = {isa = PBXBuildFile; fileRef = 5A479C9C2A30FFA600969809 /* SubcriberBootCamp.swift */; };
		5A7A68B12A2F8873007FD4A3 /* LazyVGridBootCamp.swift in Sources */ = {isa = PBXBuildFile; fileRef = 5A7A68B02A2F8873007FD4A3 /* LazyVGridBootCamp.swift */; };
		5AFEA69A2A2A583800BBEDDE /* SwiftUIBootCampApp.swift in Sources */ = {isa = PBXBuildFile; fileRef = 5AFEA6992A2A583800BBEDDE /* SwiftUIBootCampApp.swift */; };
		5AFEA69C2A2A583800BBEDDE /* EscapingBootCamp.swift in Sources */ = {isa = PBXBuildFile; fileRef = 5AFEA69B2A2A583800BBEDDE /* EscapingBootCamp.swift */; };
		5AFEA69E2A2A583D00BBEDDE /* Assets.xcassets in Resources */ = {isa = PBXBuildFile; fileRef = 5AFEA69D2A2A583D00BBEDDE /* Assets.xcassets */; };
		5AFEA6A12A2A583D00BBEDDE /* Preview Assets.xcassets in Resources */ = {isa = PBXBuildFile; fileRef = 5AFEA6A02A2A583D00BBEDDE /* Preview Assets.xcassets */; };
		5AFEA6A82A2A730B00BBEDDE /* PaddingBootCamp.swift in Sources */ = {isa = PBXBuildFile; fileRef = 5AFEA6A72A2A730B00BBEDDE /* PaddingBootCamp.swift */; };
		5AFEA6AA2A2E3EEC00BBEDDE /* ScrollViewBootCamp.swift in Sources */ = {isa = PBXBuildFile; fileRef = 5AFEA6A92A2E3EEC00BBEDDE /* ScrollViewBootCamp.swift */; };
		5AFEA6AC2A2E43A500BBEDDE /* ScrollViewReaderBootCamp.swift in Sources */ = {isa = PBXBuildFile; fileRef = 5AFEA6AB2A2E43A500BBEDDE /* ScrollViewReaderBootCamp.swift */; };
		5AFEA6AE2A2E53AA00BBEDDE /* HashabaleBootCamp.swift in Sources */ = {isa = PBXBuildFile; fileRef = 5AFEA6AD2A2E53AA00BBEDDE /* HashabaleBootCamp.swift */; };
		5AFEA6B02A2E5CAC00BBEDDE /* ArrayBootCamp.swift in Sources */ = {isa = PBXBuildFile; fileRef = 5AFEA6AF2A2E5CAC00BBEDDE /* ArrayBootCamp.swift */; };
/* End PBXBuildFile section */

/* Begin PBXFileReference section */
		5A479C9C2A30FFA600969809 /* SubcriberBootCamp.swift */ = {isa = PBXFileReference; lastKnownFileType = sourcecode.swift; path = SubcriberBootCamp.swift; sourceTree = "<group>"; };
		5A7A68B02A2F8873007FD4A3 /* LazyVGridBootCamp.swift */ = {isa = PBXFileReference; lastKnownFileType = sourcecode.swift; path = LazyVGridBootCamp.swift; sourceTree = "<group>"; };
		5AFEA6962A2A583800BBEDDE /* SwiftUIBootCamp.app */ = {isa = PBXFileReference; explicitFileType = wrapper.application; includeInIndex = 0; path = SwiftUIBootCamp.app; sourceTree = BUILT_PRODUCTS_DIR; };
		5AFEA6992A2A583800BBEDDE /* SwiftUIBootCampApp.swift */ = {isa = PBXFileReference; lastKnownFileType = sourcecode.swift; path = SwiftUIBootCampApp.swift; sourceTree = "<group>"; };
		5AFEA69B2A2A583800BBEDDE /* EscapingBootCamp.swift */ = {isa = PBXFileReference; lastKnownFileType = sourcecode.swift; path = EscapingBootCamp.swift; sourceTree = "<group>"; };
		5AFEA69D2A2A583D00BBEDDE /* Assets.xcassets */ = {isa = PBXFileReference; lastKnownFileType = folder.assetcatalog; path = Assets.xcassets; sourceTree = "<group>"; };
		5AFEA6A02A2A583D00BBEDDE /* Preview Assets.xcassets */ = {isa = PBXFileReference; lastKnownFileType = folder.assetcatalog; path = "Preview Assets.xcassets"; sourceTree = "<group>"; };
		5AFEA6A72A2A730B00BBEDDE /* PaddingBootCamp.swift */ = {isa = PBXFileReference; lastKnownFileType = sourcecode.swift; path = PaddingBootCamp.swift; sourceTree = "<group>"; };
		5AFEA6A92A2E3EEC00BBEDDE /* ScrollViewBootCamp.swift */ = {isa = PBXFileReference; lastKnownFileType = sourcecode.swift; path = ScrollViewBootCamp.swift; sourceTree = "<group>"; };
		5AFEA6AB2A2E43A500BBEDDE /* ScrollViewReaderBootCamp.swift */ = {isa = PBXFileReference; lastKnownFileType = sourcecode.swift; path = ScrollViewReaderBootCamp.swift; sourceTree = "<group>"; };
		5AFEA6AD2A2E53AA00BBEDDE /* HashabaleBootCamp.swift */ = {isa = PBXFileReference; lastKnownFileType = sourcecode.swift; path = HashabaleBootCamp.swift; sourceTree = "<group>"; };
		5AFEA6AF2A2E5CAC00BBEDDE /* ArrayBootCamp.swift */ = {isa = PBXFileReference; lastKnownFileType = sourcecode.swift; path = ArrayBootCamp.swift; sourceTree = "<group>"; };
/* End PBXFileReference section */

/* Begin PBXFrameworksBuildPhase section */
		5AFEA6932A2A583800BBEDDE /* Frameworks */ = {
			isa = PBXFrameworksBuildPhase;
			buildActionMask = 2147483647;
			files = (
			);
			runOnlyForDeploymentPostprocessing = 0;
		};
/* End PBXFrameworksBuildPhase section */

/* Begin PBXGroup section */
		5AFEA68D2A2A583800BBEDDE = {
			isa = PBXGroup;
			children = (
				5AFEA6982A2A583800BBEDDE /* SwiftUIBootCamp */,
				5AFEA6972A2A583800BBEDDE /* Products */,
			);
			sourceTree = "<group>";
		};
		5AFEA6972A2A583800BBEDDE /* Products */ = {
			isa = PBXGroup;
			children = (
				5AFEA6962A2A583800BBEDDE /* SwiftUIBootCamp.app */,
			);
			name = Products;
			sourceTree = "<group>";
		};
		5AFEA6982A2A583800BBEDDE /* SwiftUIBootCamp */ = {
			isa = PBXGroup;
			children = (
				5AFEA6992A2A583800BBEDDE /* SwiftUIBootCampApp.swift */,
				5AFEA6A72A2A730B00BBEDDE /* PaddingBootCamp.swift */,
				5AFEA69B2A2A583800BBEDDE /* EscapingBootCamp.swift */,
				5AFEA6A92A2E3EEC00BBEDDE /* ScrollViewBootCamp.swift */,
				5AFEA6AB2A2E43A500BBEDDE /* ScrollViewReaderBootCamp.swift */,
				5AFEA6AD2A2E53AA00BBEDDE /* HashabaleBootCamp.swift */,
				5AFEA6AF2A2E5CAC00BBEDDE /* ArrayBootCamp.swift */,
				5A7A68B02A2F8873007FD4A3 /* LazyVGridBootCamp.swift */,
				5A479C9C2A30FFA600969809 /* SubcriberBootCamp.swift */,
				5AFEA69D2A2A583D00BBEDDE /* Assets.xcassets */,
				5AFEA69F2A2A583D00BBEDDE /* Preview Content */,
			);
			path = SwiftUIBootCamp;
			sourceTree = "<group>";
		};
		5AFEA69F2A2A583D00BBEDDE /* Preview Content */ = {
			isa = PBXGroup;
			children = (
				5AFEA6A02A2A583D00BBEDDE /* Preview Assets.xcassets */,
			);
			path = "Preview Content";
			sourceTree = "<group>";
		};
/* End PBXGroup section */

/* Begin PBXNativeTarget section */
		5AFEA6952A2A583800BBEDDE /* SwiftUIBootCamp */ = {
			isa = PBXNativeTarget;
			buildConfigurationList = 5AFEA6A42A2A583D00BBEDDE /* Build configuration list for PBXNativeTarget "SwiftUIBootCamp" */;
			buildPhases = (
				5AFEA6922A2A583800BBEDDE /* Sources */,
				5AFEA6932A2A583800BBEDDE /* Frameworks */,
				5AFEA6942A2A583800BBEDDE /* Resources */,
			);
			buildRules = (
			);
			dependencies = (
			);
			name = SwiftUIBootCamp;
			productName = SwiftUIBootCamp;
			productReference = 5AFEA6962A2A583800BBEDDE /* SwiftUIBootCamp.app */;
			productType = "com.apple.product-type.application";
		};
/* End PBXNativeTarget section */

/* Begin PBXProject section */
		5AFEA68E2A2A583800BBEDDE /* Project object */ = {
			isa = PBXProject;
			attributes = {
				BuildIndependentTargetsInParallel = 1;
				LastSwiftUpdateCheck = 1410;
				LastUpgradeCheck = 1410;
				TargetAttributes = {
					5AFEA6952A2A583800BBEDDE = {
						CreatedOnToolsVersion = 14.1;
					};
				};
			};
			buildConfigurationList = 5AFEA6912A2A583800BBEDDE /* Build configuration list for PBXProject "SwiftUIBootCamp" */;
			compatibilityVersion = "Xcode 14.0";
			developmentRegion = en;
			hasScannedForEncodings = 0;
			knownRegions = (
				en,
				Base,
			);
			mainGroup = 5AFEA68D2A2A583800BBEDDE;
			productRefGroup = 5AFEA6972A2A583800BBEDDE /* Products */;
			projectDirPath = "";
			projectRoot = "";
			targets = (
				5AFEA6952A2A583800BBEDDE /* SwiftUIBootCamp */,
			);
		};
/* End PBXProject section */

/* Begin PBXResourcesBuildPhase section */
		5AFEA6942A2A583800BBEDDE /* Resources */ = {
			isa = PBXResourcesBuildPhase;
			buildActionMask = 2147483647;
			files = (
				5AFEA6A12A2A583D00BBEDDE /* Preview Assets.xcassets in Resources */,
				5AFEA69E2A2A583D00BBEDDE /* Assets.xcassets in Resources */,
			);
			runOnlyForDeploymentPostprocessing = 0;
		};
/* End PBXResourcesBuildPhase section */

/* Begin PBXSourcesBuildPhase section */
		5AFEA6922A2A583800BBEDDE /* Sources */ = {
			isa = PBXSourcesBuildPhase;
			buildActionMask = 2147483647;
			files = (
				5AFEA6AE2A2E53AA00BBEDDE /* HashabaleBootCamp.swift in Sources */,
				5AFEA6A82A2A730B00BBEDDE /* PaddingBootCamp.swift in Sources */,
				5AFEA6AC2A2E43A500BBEDDE /* ScrollViewReaderBootCamp.swift in Sources */,
				5A7A68B12A2F8873007FD4A3 /* LazyVGridBootCamp.swift in Sources */,
				5AFEA69C2A2A583800BBEDDE /* EscapingBootCamp.swift in Sources */,
				5AFEA6AA2A2E3EEC00BBEDDE /* ScrollViewBootCamp.swift in Sources */,
				5A479C9D2A30FFA600969809 /* SubcriberBootCamp.swift in Sources */,
				5AFEA6B02A2E5CAC00BBEDDE /* ArrayBootCamp.swift in Sources */,
				5AFEA69A2A2A583800BBEDDE /* SwiftUIBootCampApp.swift in Sources */,
			);
			runOnlyForDeploymentPostprocessing = 0;
		};
/* End PBXSourcesBuildPhase section */

/* Begin XCBuildConfiguration section */
		5AFEA6A22A2A583D00BBEDDE /* Debug */ = {
			isa = XCBuildConfiguration;
			buildSettings = {
				ALWAYS_SEARCH_USER_PATHS = NO;
				CLANG_ANALYZER_NONNULL = YES;
				CLANG_ANALYZER_NUMBER_OBJECT_CONVERSION = YES_AGGRESSIVE;
				CLANG_CXX_LANGUAGE_STANDARD = "gnu++20";
				CLANG_ENABLE_MODULES = YES;
				CLANG_ENABLE_OBJC_ARC = YES;
				CLANG_ENABLE_OBJC_WEAK = YES;
				CLANG_WARN_BLOCK_CAPTURE_AUTORELEASING = YES;
				CLANG_WARN_BOOL_CONVERSION = YES;
				CLANG_WARN_COMMA = YES;
				CLANG_WARN_CONSTANT_CONVERSION = YES;
				CLANG_WARN_DEPRECATED_OBJC_IMPLEMENTATIONS = YES;
				CLANG_WARN_DIRECT_OBJC_ISA_USAGE = YES_ERROR;
				CLANG_WARN_DOCUMENTATION_COMMENTS = YES;
				CLANG_WARN_EMPTY_BODY = YES;
				CLANG_WARN_ENUM_CONVERSION = YES;
				CLANG_WARN_INFINITE_RECURSION = YES;
				CLANG_WARN_INT_CONVERSION = YES;
				CLANG_WARN_NON_LITERAL_NULL_CONVERSION = YES;
				CLANG_WARN_OBJC_IMPLICIT_RETAIN_SELF = YES;
				CLANG_WARN_OBJC_LITERAL_CONVERSION = YES;
				CLANG_WARN_OBJC_ROOT_CLASS = YES_ERROR;
				CLANG_WARN_QUOTED_INCLUDE_IN_FRAMEWORK_HEADER = YES;
				CLANG_WARN_RANGE_LOOP_ANALYSIS = YES;
				CLANG_WARN_STRICT_PROTOTYPES = YES;
				CLANG_WARN_SUSPICIOUS_MOVE = YES;
				CLANG_WARN_UNGUARDED_AVAILABILITY = YES_AGGRESSIVE;
				CLANG_WARN_UNREACHABLE_CODE = YES;
				CLANG_WARN__DUPLICATE_METHOD_MATCH = YES;
				COPY_PHASE_STRIP = NO;
				DEBUG_INFORMATION_FORMAT = dwarf;
				ENABLE_STRICT_OBJC_MSGSEND = YES;
				ENABLE_TESTABILITY = YES;
				GCC_C_LANGUAGE_STANDARD = gnu11;
				GCC_DYNAMIC_NO_PIC = NO;
				GCC_NO_COMMON_BLOCKS = YES;
				GCC_OPTIMIZATION_LEVEL = 0;
				GCC_PREPROCESSOR_DEFINITIONS = (
					"DEBUG=1",
					"$(inherited)",
				);
				GCC_WARN_64_TO_32_BIT_CONVERSION = YES;
				GCC_WARN_ABOUT_RETURN_TYPE = YES_ERROR;
				GCC_WARN_UNDECLARED_SELECTOR = YES;
				GCC_WARN_UNINITIALIZED_AUTOS = YES_AGGRESSIVE;
				GCC_WARN_UNUSED_FUNCTION = YES;
				GCC_WARN_UNUSED_VARIABLE = YES;
				IPHONEOS_DEPLOYMENT_TARGET = 16.1;
				MTL_ENABLE_DEBUG_INFO = INCLUDE_SOURCE;
				MTL_FAST_MATH = YES;
				ONLY_ACTIVE_ARCH = YES;
				SDKROOT = iphoneos;
				SWIFT_ACTIVE_COMPILATION_CONDITIONS = DEBUG;
				SWIFT_OPTIMIZATION_LEVEL = "-Onone";
			};
			name = Debug;
		};
		5AFEA6A32A2A583D00BBEDDE /* Release */ = {
			isa = XCBuildConfiguration;
			buildSettings = {
				ALWAYS_SEARCH_USER_PATHS = NO;
				CLANG_ANALYZER_NONNULL = YES;
				CLANG_ANALYZER_NUMBER_OBJECT_CONVERSION = YES_AGGRESSIVE;
				CLANG_CXX_LANGUAGE_STANDARD = "gnu++20";
				CLANG_ENABLE_MODULES = YES;
				CLANG_ENABLE_OBJC_ARC = YES;
				CLANG_ENABLE_OBJC_WEAK = YES;
				CLANG_WARN_BLOCK_CAPTURE_AUTORELEASING = YES;
				CLANG_WARN_BOOL_CONVERSION = YES;
				CLANG_WARN_COMMA = YES;
				CLANG_WARN_CONSTANT_CONVERSION = YES;
				CLANG_WARN_DEPRECATED_OBJC_IMPLEMENTATIONS = YES;
				CLANG_WARN_DIRECT_OBJC_ISA_USAGE = YES_ERROR;
				CLANG_WARN_DOCUMENTATION_COMMENTS = YES;
				CLANG_WARN_EMPTY_BODY = YES;
				CLANG_WARN_ENUM_CONVERSION = YES;
				CLANG_WARN_INFINITE_RECURSION = YES;
				CLANG_WARN_INT_CONVERSION = YES;
				CLANG_WARN_NON_LITERAL_NULL_CONVERSION = YES;
				CLANG_WARN_OBJC_IMPLICIT_RETAIN_SELF = YES;
				CLANG_WARN_OBJC_LITERAL_CONVERSION = YES;
				CLANG_WARN_OBJC_ROOT_CLASS = YES_ERROR;
				CLANG_WARN_QUOTED_INCLUDE_IN_FRAMEWORK_HEADER = YES;
				CLANG_WARN_RANGE_LOOP_ANALYSIS = YES;
				CLANG_WARN_STRICT_PROTOTYPES = YES;
				CLANG_WARN_SUSPICIOUS_MOVE = YES;
				CLANG_WARN_UNGUARDED_AVAILABILITY = YES_AGGRESSIVE;
				CLANG_WARN_UNREACHABLE_CODE = YES;
				CLANG_WARN__DUPLICATE_METHOD_MATCH = YES;
				COPY_PHASE_STRIP = NO;
				DEBUG_INFORMATION_FORMAT = "dwarf-with-dsym";
				ENABLE_NS_ASSERTIONS = NO;
				ENABLE_STRICT_OBJC_MSGSEND = YES;
				GCC_C_LANGUAGE_STANDARD = gnu11;
				GCC_NO_COMMON_BLOCKS = YES;
				GCC_WARN_64_TO_32_BIT_CONVERSION = YES;
				GCC_WARN_ABOUT_RETURN_TYPE = YES_ERROR;
				GCC_WARN_UNDECLARED_SELECTOR = YES;
				GCC_WARN_UNINITIALIZED_AUTOS = YES_AGGRESSIVE;
				GCC_WARN_UNUSED_FUNCTION = YES;
				GCC_WARN_UNUSED_VARIABLE = YES;
				IPHONEOS_DEPLOYMENT_TARGET = 16.1;
				MTL_ENABLE_DEBUG_INFO = NO;
				MTL_FAST_MATH = YES;
				SDKROOT = iphoneos;
				SWIFT_COMPILATION_MODE = wholemodule;
				SWIFT_OPTIMIZATION_LEVEL = "-O";
				VALIDATE_PRODUCT = YES;
			};
			name = Release;
		};
		5AFEA6A52A2A583D00BBEDDE /* Debug */ = {
			isa = XCBuildConfiguration;
			buildSettings = {
				ASSETCATALOG_COMPILER_APPICON_NAME = AppIcon;
				ASSETCATALOG_COMPILER_GLOBAL_ACCENT_COLOR_NAME = AccentColor;
				CODE_SIGN_STYLE = Automatic;
				CURRENT_PROJECT_VERSION = 1;
				DEVELOPMENT_ASSET_PATHS = "\"SwiftUIBootCamp/Preview Content\"";
				ENABLE_PREVIEWS = YES;
				GENERATE_INFOPLIST_FILE = YES;
				INFOPLIST_KEY_UIApplicationSceneManifest_Generation = YES;
				INFOPLIST_KEY_UIApplicationSupportsIndirectInputEvents = YES;
				INFOPLIST_KEY_UILaunchScreen_Generation = YES;
				INFOPLIST_KEY_UISupportedInterfaceOrientations_iPad = "UIInterfaceOrientationPortrait UIInterfaceOrientationPortraitUpsideDown UIInterfaceOrientationLandscapeLeft UIInterfaceOrientationLandscapeRight";
				INFOPLIST_KEY_UISupportedInterfaceOrientations_iPhone = "UIInterfaceOrientationPortrait UIInterfaceOrientationLandscapeLeft UIInterfaceOrientationLandscapeRight";
				LD_RUNPATH_SEARCH_PATHS = (
					"$(inherited)",
					"@executable_path/Frameworks",
				);
				MARKETING_VERSION = 1.0;
				PRODUCT_BUNDLE_IDENTIFIER = com.org.SwiftUIBootCamp;
				PRODUCT_NAME = "$(TARGET_NAME)";
				SWIFT_EMIT_LOC_STRINGS = YES;
				SWIFT_VERSION = 5.0;
				TARGETED_DEVICE_FAMILY = "1,2";
			};
			name = Debug;
		};
		5AFEA6A62A2A583D00BBEDDE /* Release */ = {
			isa = XCBuildConfiguration;
			buildSettings = {
				ASSETCATALOG_COMPILER_APPICON_NAME = AppIcon;
				ASSETCATALOG_COMPILER_GLOBAL_ACCENT_COLOR_NAME = AccentColor;
				CODE_SIGN_STYLE = Automatic;
				CURRENT_PROJECT_VERSION = 1;
				DEVELOPMENT_ASSET_PATHS = "\"SwiftUIBootCamp/Preview Content\"";
				ENABLE_PREVIEWS = YES;
				GENERATE_INFOPLIST_FILE = YES;
				INFOPLIST_KEY_UIApplicationSceneManifest_Generation = YES;
				INFOPLIST_KEY_UIApplicationSupportsIndirectInputEvents = YES;
				INFOPLIST_KEY_UILaunchScreen_Generation = YES;
				INFOPLIST_KEY_UISupportedInterfaceOrientations_iPad = "UIInterfaceOrientationPortrait UIInterfaceOrientationPortraitUpsideDown UIInterfaceOrientationLandscapeLeft UIInterfaceOrientationLandscapeRight";
				INFOPLIST_KEY_UISupportedInterfaceOrientations_iPhone = "UIInterfaceOrientationPortrait UIInterfaceOrientationLandscapeLeft UIInterfaceOrientationLandscapeRight";
				LD_RUNPATH_SEARCH_PATHS = (
					"$(inherited)",
					"@executable_path/Frameworks",
				);
				MARKETING_VERSION = 1.0;
				PRODUCT_BUNDLE_IDENTIFIER = com.org.SwiftUIBootCamp;
				PRODUCT_NAME = "$(TARGET_NAME)";
				SWIFT_EMIT_LOC_STRINGS = YES;
				SWIFT_VERSION = 5.0;
				TARGETED_DEVICE_FAMILY = "1,2";
			};
			name = Release;
		};
/* End XCBuildConfiguration section */

/* Begin XCConfigurationList section */
		5AFEA6912A2A583800BBEDDE /* Build configuration list for PBXProject "SwiftUIBootCamp" */ = {
			isa = XCConfigurationList;
			buildConfigurations = (
				5AFEA6A22A2A583D00BBEDDE /* Debug */,
				5AFEA6A32A2A583D00BBEDDE /* Release */,
			);
			defaultConfigurationIsVisible = 0;
			defaultConfigurationName = Release;
		};
		5AFEA6A42A2A583D00BBEDDE /* Build configuration list for PBXNativeTarget "SwiftUIBootCamp" */ = {
			isa = XCConfigurationList;
			buildConfigurations = (
				5AFEA6A52A2A583D00BBEDDE /* Debug */,
				5AFEA6A62A2A583D00BBEDDE /* Release */,
			);
			defaultConfigurationIsVisible = 0;
			defaultConfigurationName = Release;
		};
/* End XCConfigurationList section */
	};
	rootObject = 5AFEA68E2A2A583800BBEDDE /* Project object */;
}
